
Microsoft Visual Studio Solution File, Format Version 12.00
# Visual Studio Version 17
VisualStudioVersion = 17.8.34330.188
MinimumVisualStudioVersion = 10.0.40219.1
Project("{FAE04EC0-301F-11D3-BF4B-00C04F79EFBC}") = "team1Deneme", "team1Deneme\team1Deneme.csproj", "{E60CE265-0835-4B75-A9EE-78CBA3D3CEEC}"
EndProject
Global
	GlobalSection(SolutionConfigurationPlatforms) = preSolution
		Debug|Any CPU = Debug|Any CPU
		Release|Any CPU = Release|Any CPU
	EndGlobalSection
	GlobalSection(ProjectConfigurationPlatforms) = postSolution
		{E60CE265-0835-4B75-A9EE-78CBA3D3CEEC}.Debug|Any CPU.ActiveCfg = Debug|Any CPU
		{E60CE265-0835-4B75-A9EE-78CBA3D3CEEC}.Debug|Any CPU.Build.0 = Debug|Any CPU
		{E60CE265-0835-4B75-A9EE-78CBA3D3CEEC}.Release|Any CPU.ActiveCfg = Release|Any CPU
		{E60CE265-0835-4B75-A9EE-78CBA3D3CEEC}.Release|Any CPU.Build.0 = Release|Any CPU
	EndGlobalSection
	GlobalSection(SolutionProperties) = preSolution
		HideSolutionNode = FALSE
	EndGlobalSection
	GlobalSection(ExtensibilityGlobals) = postSolution
		SolutionGuid = {40BDE6CC-32CD-4D0D-B12C-F435DA5598D4}
	EndGlobalSection
EndGlobal
